{
  "originHash" : "04bc9febedb9d2db5e8b7dde524b4ca26a72827900524c3d058d48e7193a74fb",
  "pins" : [
    {
      "identity" : "cachedimage",
      "kind" : "remoteSourceControl",
      "location" : "https://github.com/aitorballes/cachedImage",
      "state" : {
        "branch" : "main",
        "revision" : "aabbf49a419bf550fecbd14c14c1a5d3eff6d222"
      }
    }
  ],
  "version" : 3
}
